
Microsoft Visual Studio Solution File, Format Version 12.00
# Visual Studio Version 16
VisualStudioVersion = 16.0.29911.84
MinimumVisualStudioVersion = 10.0.40219.1
Project("{2150E333-8FDC-42A3-9474-1A3956D46DE8}") = "YsLibs", "YsLibs", "{7BBFE194-581F-40CD-A6DE-42B4ECC0A78C}"
EndProject
Project("{FAE04EC0-301F-11D3-BF4B-00C04F79EFBC}") = "Ys.BeLazy", "Ys.BeLazy\Ys.BeLazy.csproj", "{06614F98-4C73-4AF6-8E0D-85A9F9FFF976}"
EndProject
Project("{9A19103F-16F7-4668-BE54-9A1E7A4F7556}") = "Ys_QuartzStuff", "Ys_QuartzStuff\Ys_QuartzStuff.csproj", "{70D6A3F3-1273-4F30-9F46-88C62F1A0E77}"
EndProject
Project("{FAE04EC0-301F-11D3-BF4B-00C04F79EFBC}") = "YS_BTPrint", "YS_BTPrint\YS_BTPrint.csproj", "{F5849395-C704-4343-A0FE-C6079031FF63}"
EndProject
Project("{FAE04EC0-301F-11D3-BF4B-00C04F79EFBC}") = "LibMaker.Droid", "LibMaker.Droid\LibMaker.Droid.csproj", "{81639655-ED4B-4656-A198-7B0E6CE30CF7}"
EndProject
Project("{FAE04EC0-301F-11D3-BF4B-00C04F79EFBC}") = "Ys.GaoDeMap_Droid", "Ys.GaoDeMap_Droid\Ys.GaoDeMap_Droid.csproj", "{1E99EC9B-F026-4A08-8E72-2030F079CCFA}"
EndProject
Project("{FAE04EC0-301F-11D3-BF4B-00C04F79EFBC}") = "Ys.Camera.Droid", "YSLIBS\Ys.Camera.Droid\Ys.Camera.Droid.csproj", "{A41D9DAB-602C-42AC-957E-204E6362C784}"
EndProject
Project("{FAE04EC0-301F-11D3-BF4B-00C04F79EFBC}") = "Ys.TFLite.Droid", "YSLIBS\Ys.TFLite.Core\Ys.TFLite.Droid.csproj", "{AC1F33EA-99A2-4453-B85B-90FBE43F8D19}"
EndProject
Project("{FAE04EC0-301F-11D3-BF4B-00C04F79EFBC}") = "Ys.ColorfulGirls.Droid", "YSLIBS\Ys.ColorfulGirls.Droid\Ys.ColorfulGirls.Droid.csproj", "{6C50D6B0-54D7-4EFA-9A8B-CCCFC02FEED2}"
EndProject
Project("{FAE04EC0-301F-11D3-BF4B-00C04F79EFBC}") = "WiFiAuth.Droid", "Applications\WiFiAuth.Droid\WiFiAuth.Droid.csproj", "{A033B75F-7B0C-455C-AC84-39FEB50A44A4}"
EndProject
Project("{2150E333-8FDC-42A3-9474-1A3956D46DE8}") = "LibUser.MVVM", "LibUser.MVVM", "{7F40B761-7003-476B-B8A7-F94E7A149209}"
EndProject
Project("{FAE04EC0-301F-11D3-BF4B-00C04F79EFBC}") = "LibUser.MVVM.Core", "LibUser.MVVM\LibUser.MVVM.Core\LibUser.MVVM.Core.csproj", "{817FA3CF-CECE-4DDB-9210-F26D6F3D461A}"
EndProject
Project("{FAE04EC0-301F-11D3-BF4B-00C04F79EFBC}") = "LibUser.Droid", "LibUser.MVVM\LibUser.Droid\LibUser.Droid.csproj", "{6C01EFF1-6C9D-4030-B52B-6F87C3AA7502}"
EndProject
Global
	GlobalSection(SolutionConfigurationPlatforms) = preSolution
		Debug|Any CPU = Debug|Any CPU
		Release|Any CPU = Release|Any CPU
	EndGlobalSection
	GlobalSection(ProjectConfigurationPlatforms) = postSolution
		{06614F98-4C73-4AF6-8E0D-85A9F9FFF976}.Debug|Any CPU.ActiveCfg = Debug|Any CPU
		{06614F98-4C73-4AF6-8E0D-85A9F9FFF976}.Debug|Any CPU.Build.0 = Debug|Any CPU
		{06614F98-4C73-4AF6-8E0D-85A9F9FFF976}.Release|Any CPU.ActiveCfg = Release|Any CPU
		{06614F98-4C73-4AF6-8E0D-85A9F9FFF976}.Release|Any CPU.Build.0 = Release|Any CPU
		{70D6A3F3-1273-4F30-9F46-88C62F1A0E77}.Debug|Any CPU.ActiveCfg = Debug|Any CPU
		{70D6A3F3-1273-4F30-9F46-88C62F1A0E77}.Debug|Any CPU.Build.0 = Debug|Any CPU
		{70D6A3F3-1273-4F30-9F46-88C62F1A0E77}.Release|Any CPU.ActiveCfg = Release|Any CPU
		{70D6A3F3-1273-4F30-9F46-88C62F1A0E77}.Release|Any CPU.Build.0 = Release|Any CPU
		{F5849395-C704-4343-A0FE-C6079031FF63}.Debug|Any CPU.ActiveCfg = Debug|Any CPU
		{F5849395-C704-4343-A0FE-C6079031FF63}.Debug|Any CPU.Build.0 = Debug|Any CPU
		{F5849395-C704-4343-A0FE-C6079031FF63}.Release|Any CPU.ActiveCfg = Release|Any CPU
		{F5849395-C704-4343-A0FE-C6079031FF63}.Release|Any CPU.Build.0 = Release|Any CPU
		{81639655-ED4B-4656-A198-7B0E6CE30CF7}.Debug|Any CPU.ActiveCfg = Debug|Any CPU
		{81639655-ED4B-4656-A198-7B0E6CE30CF7}.Debug|Any CPU.Build.0 = Debug|Any CPU
		{81639655-ED4B-4656-A198-7B0E6CE30CF7}.Debug|Any CPU.Deploy.0 = Debug|Any CPU
		{81639655-ED4B-4656-A198-7B0E6CE30CF7}.Release|Any CPU.ActiveCfg = Release|Any CPU
		{81639655-ED4B-4656-A198-7B0E6CE30CF7}.Release|Any CPU.Build.0 = Release|Any CPU
		{81639655-ED4B-4656-A198-7B0E6CE30CF7}.Release|Any CPU.Deploy.0 = Release|Any CPU
		{1E99EC9B-F026-4A08-8E72-2030F079CCFA}.Debug|Any CPU.ActiveCfg = Debug|Any CPU
		{1E99EC9B-F026-4A08-8E72-2030F079CCFA}.Debug|Any CPU.Build.0 = Debug|Any CPU
		{1E99EC9B-F026-4A08-8E72-2030F079CCFA}.Release|Any CPU.ActiveCfg = Release|Any CPU
		{1E99EC9B-F026-4A08-8E72-2030F079CCFA}.Release|Any CPU.Build.0 = Release|Any CPU
		{A41D9DAB-602C-42AC-957E-204E6362C784}.Debug|Any CPU.ActiveCfg = Debug|Any CPU
		{A41D9DAB-602C-42AC-957E-204E6362C784}.Debug|Any CPU.Build.0 = Debug|Any CPU
		{A41D9DAB-602C-42AC-957E-204E6362C784}.Release|Any CPU.ActiveCfg = Release|Any CPU
		{A41D9DAB-602C-42AC-957E-204E6362C784}.Release|Any CPU.Build.0 = Release|Any CPU
		{AC1F33EA-99A2-4453-B85B-90FBE43F8D19}.Debug|Any CPU.ActiveCfg = Debug|Any CPU
		{AC1F33EA-99A2-4453-B85B-90FBE43F8D19}.Debug|Any CPU.Build.0 = Debug|Any CPU
		{AC1F33EA-99A2-4453-B85B-90FBE43F8D19}.Release|Any CPU.ActiveCfg = Release|Any CPU
		{AC1F33EA-99A2-4453-B85B-90FBE43F8D19}.Release|Any CPU.Build.0 = Release|Any CPU
		{6C50D6B0-54D7-4EFA-9A8B-CCCFC02FEED2}.Debug|Any CPU.ActiveCfg = Debug|Any CPU
		{6C50D6B0-54D7-4EFA-9A8B-CCCFC02FEED2}.Debug|Any CPU.Build.0 = Debug|Any CPU
		{6C50D6B0-54D7-4EFA-9A8B-CCCFC02FEED2}.Release|Any CPU.ActiveCfg = Release|Any CPU
		{6C50D6B0-54D7-4EFA-9A8B-CCCFC02FEED2}.Release|Any CPU.Build.0 = Release|Any CPU
		{A033B75F-7B0C-455C-AC84-39FEB50A44A4}.Debug|Any CPU.ActiveCfg = Debug|Any CPU
		{A033B75F-7B0C-455C-AC84-39FEB50A44A4}.Debug|Any CPU.Build.0 = Debug|Any CPU
		{A033B75F-7B0C-455C-AC84-39FEB50A44A4}.Debug|Any CPU.Deploy.0 = Debug|Any CPU
		{A033B75F-7B0C-455C-AC84-39FEB50A44A4}.Release|Any CPU.ActiveCfg = Release|Any CPU
		{A033B75F-7B0C-455C-AC84-39FEB50A44A4}.Release|Any CPU.Build.0 = Release|Any CPU
		{A033B75F-7B0C-455C-AC84-39FEB50A44A4}.Release|Any CPU.Deploy.0 = Release|Any CPU
		{817FA3CF-CECE-4DDB-9210-F26D6F3D461A}.Debug|Any CPU.ActiveCfg = Debug|Any CPU
		{817FA3CF-CECE-4DDB-9210-F26D6F3D461A}.Debug|Any CPU.Build.0 = Debug|Any CPU
		{817FA3CF-CECE-4DDB-9210-F26D6F3D461A}.Release|Any CPU.ActiveCfg = Release|Any CPU
		{817FA3CF-CECE-4DDB-9210-F26D6F3D461A}.Release|Any CPU.Build.0 = Release|Any CPU
		{6C01EFF1-6C9D-4030-B52B-6F87C3AA7502}.Debug|Any CPU.ActiveCfg = Debug|Any CPU
		{6C01EFF1-6C9D-4030-B52B-6F87C3AA7502}.Debug|Any CPU.Build.0 = Debug|Any CPU
		{6C01EFF1-6C9D-4030-B52B-6F87C3AA7502}.Debug|Any CPU.Deploy.0 = Debug|Any CPU
		{6C01EFF1-6C9D-4030-B52B-6F87C3AA7502}.Release|Any CPU.ActiveCfg = Release|Any CPU
		{6C01EFF1-6C9D-4030-B52B-6F87C3AA7502}.Release|Any CPU.Build.0 = Release|Any CPU
		{6C01EFF1-6C9D-4030-B52B-6F87C3AA7502}.Release|Any CPU.Deploy.0 = Release|Any CPU
	EndGlobalSection
	GlobalSection(SolutionProperties) = preSolution
		HideSolutionNode = FALSE
	EndGlobalSection
	GlobalSection(NestedProjects) = preSolution
		{06614F98-4C73-4AF6-8E0D-85A9F9FFF976} = {7BBFE194-581F-40CD-A6DE-42B4ECC0A78C}
		{70D6A3F3-1273-4F30-9F46-88C62F1A0E77} = {7BBFE194-581F-40CD-A6DE-42B4ECC0A78C}
		{F5849395-C704-4343-A0FE-C6079031FF63} = {7BBFE194-581F-40CD-A6DE-42B4ECC0A78C}
		{1E99EC9B-F026-4A08-8E72-2030F079CCFA} = {7BBFE194-581F-40CD-A6DE-42B4ECC0A78C}
		{A41D9DAB-602C-42AC-957E-204E6362C784} = {7BBFE194-581F-40CD-A6DE-42B4ECC0A78C}
		{AC1F33EA-99A2-4453-B85B-90FBE43F8D19} = {7BBFE194-581F-40CD-A6DE-42B4ECC0A78C}
		{6C50D6B0-54D7-4EFA-9A8B-CCCFC02FEED2} = {7BBFE194-581F-40CD-A6DE-42B4ECC0A78C}
		{817FA3CF-CECE-4DDB-9210-F26D6F3D461A} = {7F40B761-7003-476B-B8A7-F94E7A149209}
		{6C01EFF1-6C9D-4030-B52B-6F87C3AA7502} = {7F40B761-7003-476B-B8A7-F94E7A149209}
	EndGlobalSection
	GlobalSection(ExtensibilityGlobals) = postSolution
		SolutionGuid = {4BFCE389-1A0D-44B9-A474-62ED1F89531A}
	EndGlobalSection
EndGlobal
