
Microsoft Visual Studio Solution File, Format Version 12.00
# Visual Studio 15
VisualStudioVersion = 15.0.27703.2042
MinimumVisualStudioVersion = 10.0.40219.1
Project("{FAE04EC0-301F-11D3-BF4B-00C04F79EFBC}") = "LibMaker", "LibMaker\LibMaker.csproj", "{F0F028E5-EA35-4EDB-A790-45DDB53BBE95}"
EndProject
Project("{2150E333-8FDC-42A3-9474-1A3956D46DE8}") = "YsLibs", "YsLibs", "{7BBFE194-581F-40CD-A6DE-42B4ECC0A78C}"
EndProject
Project("{FAE04EC0-301F-11D3-BF4B-00C04F79EFBC}") = "Ys.BeLazy", "Ys.BeLazy\Ys.BeLazy.csproj", "{06614F98-4C73-4AF6-8E0D-85A9F9FFF976}"
EndProject
Project("{FAE04EC0-301F-11D3-BF4B-00C04F79EFBC}") = "Ys.Dialog", "Ys.Dialog\Ys.Dialog.csproj", "{8923CD0A-B050-4299-B2E8-E4C7066EA5FF}"
EndProject
Project("{FAE04EC0-301F-11D3-BF4B-00C04F79EFBC}") = "Ys_QuartzStuff", "Ys_QuartzStuff\Ys_QuartzStuff.csproj", "{70D6A3F3-1273-4F30-9F46-88C62F1A0E77}"
EndProject
Global
	GlobalSection(SolutionConfigurationPlatforms) = preSolution
		Debug|Any CPU = Debug|Any CPU
		Release|Any CPU = Release|Any CPU
	EndGlobalSection
	GlobalSection(ProjectConfigurationPlatforms) = postSolution
		{F0F028E5-EA35-4EDB-A790-45DDB53BBE95}.Debug|Any CPU.ActiveCfg = Debug|Any CPU
		{F0F028E5-EA35-4EDB-A790-45DDB53BBE95}.Debug|Any CPU.Build.0 = Debug|Any CPU
		{F0F028E5-EA35-4EDB-A790-45DDB53BBE95}.Debug|Any CPU.Deploy.0 = Debug|Any CPU
		{F0F028E5-EA35-4EDB-A790-45DDB53BBE95}.Release|Any CPU.ActiveCfg = Release|Any CPU
		{F0F028E5-EA35-4EDB-A790-45DDB53BBE95}.Release|Any CPU.Build.0 = Release|Any CPU
		{F0F028E5-EA35-4EDB-A790-45DDB53BBE95}.Release|Any CPU.Deploy.0 = Release|Any CPU
		{06614F98-4C73-4AF6-8E0D-85A9F9FFF976}.Debug|Any CPU.ActiveCfg = Debug|Any CPU
		{06614F98-4C73-4AF6-8E0D-85A9F9FFF976}.Debug|Any CPU.Build.0 = Debug|Any CPU
		{06614F98-4C73-4AF6-8E0D-85A9F9FFF976}.Release|Any CPU.ActiveCfg = Release|Any CPU
		{06614F98-4C73-4AF6-8E0D-85A9F9FFF976}.Release|Any CPU.Build.0 = Release|Any CPU
		{8923CD0A-B050-4299-B2E8-E4C7066EA5FF}.Debug|Any CPU.ActiveCfg = Debug|Any CPU
		{8923CD0A-B050-4299-B2E8-E4C7066EA5FF}.Debug|Any CPU.Build.0 = Debug|Any CPU
		{8923CD0A-B050-4299-B2E8-E4C7066EA5FF}.Release|Any CPU.ActiveCfg = Release|Any CPU
		{8923CD0A-B050-4299-B2E8-E4C7066EA5FF}.Release|Any CPU.Build.0 = Release|Any CPU
		{70D6A3F3-1273-4F30-9F46-88C62F1A0E77}.Debug|Any CPU.ActiveCfg = Debug|Any CPU
		{70D6A3F3-1273-4F30-9F46-88C62F1A0E77}.Debug|Any CPU.Build.0 = Debug|Any CPU
		{70D6A3F3-1273-4F30-9F46-88C62F1A0E77}.Release|Any CPU.ActiveCfg = Release|Any CPU
		{70D6A3F3-1273-4F30-9F46-88C62F1A0E77}.Release|Any CPU.Build.0 = Release|Any CPU
	EndGlobalSection
	GlobalSection(SolutionProperties) = preSolution
		HideSolutionNode = FALSE
	EndGlobalSection
	GlobalSection(NestedProjects) = preSolution
		{06614F98-4C73-4AF6-8E0D-85A9F9FFF976} = {7BBFE194-581F-40CD-A6DE-42B4ECC0A78C}
		{8923CD0A-B050-4299-B2E8-E4C7066EA5FF} = {7BBFE194-581F-40CD-A6DE-42B4ECC0A78C}
		{70D6A3F3-1273-4F30-9F46-88C62F1A0E77} = {7BBFE194-581F-40CD-A6DE-42B4ECC0A78C}
	EndGlobalSection
	GlobalSection(ExtensibilityGlobals) = postSolution
		SolutionGuid = {4BFCE389-1A0D-44B9-A474-62ED1F89531A}
	EndGlobalSection
EndGlobal
